
Microsoft Visual Studio Solution File, Format Version 12.00
# Visual Studio 14
VisualStudioVersion = 14.0.23107.0
MinimumVisualStudioVersion = 10.0.40219.1
Project("{FAE04EC0-301F-11D3-BF4B-00C04F79EFBC}") = "Transformation", "Transformation\Transformation.csproj", "{A5EA1C37-4C12-42BE-86CA-36B0EB613226}"
EndProject
Project("{FAE04EC0-301F-11D3-BF4B-00C04F79EFBC}") = "TransformationTest", "TransformationTest\TransformationTest.csproj", "{A2272DE0-953B-451F-AFEE-E1040288E149}"
EndProject
Global
	GlobalSection(SolutionConfigurationPlatforms) = preSolution
		Debug|Any CPU = Debug|Any CPU
		Release|Any CPU = Release|Any CPU
	EndGlobalSection
	GlobalSection(ProjectConfigurationPlatforms) = postSolution
		{A5EA1C37-4C12-42BE-86CA-36B0EB613226}.Debug|Any CPU.ActiveCfg = Debug|Any CPU
		{A5EA1C37-4C12-42BE-86CA-36B0EB613226}.Debug|Any CPU.Build.0 = Debug|Any CPU
		{A5EA1C37-4C12-42BE-86CA-36B0EB613226}.Release|Any CPU.ActiveCfg = Release|Any CPU
		{A5EA1C37-4C12-42BE-86CA-36B0EB613226}.Release|Any CPU.Build.0 = Release|Any CPU
		{A2272DE0-953B-451F-AFEE-E1040288E149}.Debug|Any CPU.ActiveCfg = Debug|Any CPU
		{A2272DE0-953B-451F-AFEE-E1040288E149}.Debug|Any CPU.Build.0 = Debug|Any CPU
		{A2272DE0-953B-451F-AFEE-E1040288E149}.Release|Any CPU.ActiveCfg = Release|Any CPU
		{A2272DE0-953B-451F-AFEE-E1040288E149}.Release|Any CPU.Build.0 = Release|Any CPU
	EndGlobalSection
	GlobalSection(SolutionProperties) = preSolution
		HideSolutionNode = FALSE
	EndGlobalSection
EndGlobal
